
Microsoft Visual Studio Solution File, Format Version 12.00
# Visual Studio Version 17
VisualStudioVersion = 17.8.34511.84
MinimumVisualStudioVersion = 10.0.40219.1
Project("{FAE04EC0-301F-11D3-BF4B-00C04F79EFBC}") = "dsacode", "dsacode.csproj", "{B95ADD17-57C3-4FB4-B86B-199BD669D548}"
EndProject
Global
	GlobalSection(SolutionConfigurationPlatforms) = preSolution
		Debug|Any CPU = Debug|Any CPU
		Release|Any CPU = Release|Any CPU
	EndGlobalSection
	GlobalSection(ProjectConfigurationPlatforms) = postSolution
		{B95ADD17-57C3-4FB4-B86B-199BD669D548}.Debug|Any CPU.ActiveCfg = Debug|Any CPU
		{B95ADD17-57C3-4FB4-B86B-199BD669D548}.Debug|Any CPU.Build.0 = Debug|Any CPU
		{B95ADD17-57C3-4FB4-B86B-199BD669D548}.Release|Any CPU.ActiveCfg = Release|Any CPU
		{B95ADD17-57C3-4FB4-B86B-199BD669D548}.Release|Any CPU.Build.0 = Release|Any CPU
	EndGlobalSection
	GlobalSection(SolutionProperties) = preSolution
		HideSolutionNode = FALSE
	EndGlobalSection
	GlobalSection(ExtensibilityGlobals) = postSolution
		SolutionGuid = {572E2639-4279-40B5-B0B9-993DD49925B0}
	EndGlobalSection
EndGlobal
